// !$*UTF8*$!
{
	archiveVersion = 1;
	classes = {
	};
	objectVersion = 46;
	objects = {

/* Begin PBXBuildFile section */
		69C9DB671726658D00FD97BC /* UIKit.framework in Frameworks */ = {isa = PBXBuildFile; fileRef = 69C9DB661726658D00FD97BC /* UIKit.framework */; };
		69C9DB691726658D00FD97BC /* Foundation.framework in Frameworks */ = {isa = PBXBuildFile; fileRef = 69C9DB681726658D00FD97BC /* Foundation.framework */; };
		69C9DB6B1726658D00FD97BC /* CoreGraphics.framework in Frameworks */ = {isa = PBXBuildFile; fileRef = 69C9DB6A1726658D00FD97BC /* CoreGraphics.framework */; };
		69C9DB711726658D00FD97BC /* InfoPlist.strings in Resources */ = {isa = PBXBuildFile; fileRef = 69C9DB6F1726658D00FD97BC /* InfoPlist.strings */; };
		69C9DB731726658D00FD97BC /* main.m in Sources */ = {isa = PBXBuildFile; fileRef = 69C9DB721726658D00FD97BC /* main.m */; };
		69C9DB771726658D00FD97BC /* KKAppDelegate.m in Sources */ = {isa = PBXBuildFile; fileRef = 69C9DB761726658D00FD97BC /* KKAppDelegate.m */; };
		69C9DB791726658D00FD97BC /* Default.png in Resources */ = {isa = PBXBuildFile; fileRef = 69C9DB781726658D00FD97BC /* Default.png */; };
		69C9DB7B1726658D00FD97BC /* Default@2x.png in Resources */ = {isa = PBXBuildFile; fileRef = 69C9DB7A1726658D00FD97BC /* Default@2x.png */; };
		69C9DB7D1726658D00FD97BC /* Default-568h@2x.png in Resources */ = {isa = PBXBuildFile; fileRef = 69C9DB7C1726658D00FD97BC /* Default-568h@2x.png */; };
		69C9DB801726658D00FD97BC /* KKViewController.m in Sources */ = {isa = PBXBuildFile; fileRef = 69C9DB7F1726658D00FD97BC /* KKViewController.m */; };
		69C9DB831726658D00FD97BC /* KKViewController.xib in Resources */ = {isa = PBXBuildFile; fileRef = 69C9DB811726658D00FD97BC /* KKViewController.xib */; };
/* End PBXBuildFile section */

/* Begin PBXFileReference section */
		69C9DB631726658D00FD97BC /* Gear.app */ = {isa = PBXFileReference; explicitFileType = wrapper.application; includeInIndex = 0; path = Gear.app; sourceTree = BUILT_PRODUCTS_DIR; };
		69C9DB661726658D00FD97BC /* UIKit.framework */ = {isa = PBXFileReference; lastKnownFileType = wrapper.framework; name = UIKit.framework; path = System/Library/Frameworks/UIKit.framework; sourceTree = SDKROOT; };
		69C9DB681726658D00FD97BC /* Foundation.framework */ = {isa = PBXFileReference; lastKnownFileType = wrapper.framework; name = Foundation.framework; path = System/Library/Frameworks/Foundation.framework; sourceTree = SDKROOT; };
		69C9DB6A1726658D00FD97BC /* CoreGraphics.framework */ = {isa = PBXFileReference; lastKnownFileType = wrapper.framework; name = CoreGraphics.framework; path = System/Library/Frameworks/CoreGraphics.framework; sourceTree = SDKROOT; };
		69C9DB6E1726658D00FD97BC /* Gear-Info.plist */ = {isa = PBXFileReference; lastKnownFileType = text.plist.xml; path = "Gear-Info.plist"; sourceTree = "<group>"; };
		69C9DB701726658D00FD97BC /* en */ = {isa = PBXFileReference; lastKnownFileType = text.plist.strings; name = en; path = en.lproj/InfoPlist.strings; sourceTree = "<group>"; };
		69C9DB721726658D00FD97BC /* main.m */ = {isa = PBXFileReference; lastKnownFileType = sourcecode.c.objc; path = main.m; sourceTree = "<group>"; };
		69C9DB741726658D00FD97BC /* Gear-Prefix.pch */ = {isa = PBXFileReference; lastKnownFileType = sourcecode.c.h; path = "Gear-Prefix.pch"; sourceTree = "<group>"; };
		69C9DB751726658D00FD97BC /* KKAppDelegate.h */ = {isa = PBXFileReference; lastKnownFileType = sourcecode.c.h; path = KKAppDelegate.h; sourceTree = "<group>"; };
		69C9DB761726658D00FD97BC /* KKAppDelegate.m */ = {isa = PBXFileReference; lastKnownFileType = sourcecode.c.objc; path = KKAppDelegate.m; sourceTree = "<group>"; };
		69C9DB781726658D00FD97BC /* Default.png */ = {isa = PBXFileReference; lastKnownFileType = image.png; path = Default.png; sourceTree = "<group>"; };
		69C9DB7A1726658D00FD97BC /* Default@2x.png */ = {isa = PBXFileReference; lastKnownFileType = image.png; path = "Default@2x.png"; sourceTree = "<group>"; };
		69C9DB7C1726658D00FD97BC /* Default-568h@2x.png */ = {isa = PBXFileReference; lastKnownFileType = image.png; path = "Default-568h@2x.png"; sourceTree = "<group>"; };
		69C9DB7E1726658D00FD97BC /* KKViewController.h */ = {isa = PBXFileReference; lastKnownFileType = sourcecode.c.h; path = KKViewController.h; sourceTree = "<group>"; };
		69C9DB7F1726658D00FD97BC /* KKViewController.m */ = {isa = PBXFileReference; lastKnownFileType = sourcecode.c.objc; path = KKViewController.m; sourceTree = "<group>"; };
		69C9DB821726658D00FD97BC /* en */ = {isa = PBXFileReference; lastKnownFileType = file.xib; name = en; path = en.lproj/KKViewController.xib; sourceTree = "<group>"; };
/* End PBXFileReference section */

/* Begin PBXFrameworksBuildPhase section */
		69C9DB601726658D00FD97BC /* Frameworks */ = {
			isa = PBXFrameworksBuildPhase;
			buildActionMask = 2147483647;
			files = (
				69C9DB671726658D00FD97BC /* UIKit.framework in Frameworks */,
				69C9DB691726658D00FD97BC /* Foundation.framework in Frameworks */,
				69C9DB6B1726658D00FD97BC /* CoreGraphics.framework in Frameworks */,
			);
			runOnlyForDeploymentPostprocessing = 0;
		};
/* End PBXFrameworksBuildPhase section */

/* Begin PBXGroup section */
		69C9DB5A1726658D00FD97BC = {
			isa = PBXGroup;
			children = (
				69C9DB6C1726658D00FD97BC /* Gear */,
				69C9DB651726658D00FD97BC /* Frameworks */,
				69C9DB641726658D00FD97BC /* Products */,
			);
			sourceTree = "<group>";
		};
		69C9DB641726658D00FD97BC /* Products */ = {
			isa = PBXGroup;
			children = (
				69C9DB631726658D00FD97BC /* Gear.app */,
			);
			name = Products;
			sourceTree = "<group>";
		};
		69C9DB651726658D00FD97BC /* Frameworks */ = {
			isa = PBXGroup;
			children = (
				69C9DB661726658D00FD97BC /* UIKit.framework */,
				69C9DB681726658D00FD97BC /* Foundation.framework */,
				69C9DB6A1726658D00FD97BC /* CoreGraphics.framework */,
			);
			name = Frameworks;
			sourceTree = "<group>";
		};
		69C9DB6C1726658D00FD97BC /* Gear */ = {
			isa = PBXGroup;
			children = (
				69C9DB751726658D00FD97BC /* KKAppDelegate.h */,
				69C9DB761726658D00FD97BC /* KKAppDelegate.m */,
				69C9DB7E1726658D00FD97BC /* KKViewController.h */,
				69C9DB7F1726658D00FD97BC /* KKViewController.m */,
				69C9DB811726658D00FD97BC /* KKViewController.xib */,
				69C9DB6D1726658D00FD97BC /* Supporting Files */,
			);
			path = Gear;
			sourceTree = "<group>";
		};
		69C9DB6D1726658D00FD97BC /* Supporting Files */ = {
			isa = PBXGroup;
			children = (
				69C9DB6E1726658D00FD97BC /* Gear-Info.plist */,
				69C9DB6F1726658D00FD97BC /* InfoPlist.strings */,
				69C9DB721726658D00FD97BC /* main.m */,
				69C9DB741726658D00FD97BC /* Gear-Prefix.pch */,
				69C9DB781726658D00FD97BC /* Default.png */,
				69C9DB7A1726658D00FD97BC /* Default@2x.png */,
				69C9DB7C1726658D00FD97BC /* Default-568h@2x.png */,
			);
			name = "Supporting Files";
			sourceTree = "<group>";
		};
/* End PBXGroup section */

/* Begin PBXNativeTarget section */
		69C9DB621726658D00FD97BC /* Gear */ = {
			isa = PBXNativeTarget;
			buildConfigurationList = 69C9DB861726658D00FD97BC /* Build configuration list for PBXNativeTarget "Gear" */;
			buildPhases = (
				69C9DB5F1726658D00FD97BC /* Sources */,
				69C9DB601726658D00FD97BC /* Frameworks */,
				69C9DB611726658D00FD97BC /* Resources */,
			);
			buildRules = (
			);
			dependencies = (
			);
			name = Gear;
			productName = Gear;
			productReference = 69C9DB631726658D00FD97BC /* Gear.app */;
			productType = "com.apple.product-type.application";
		};
/* End PBXNativeTarget section */

/* Begin PBXProject section */
		69C9DB5B1726658D00FD97BC /* Project object */ = {
			isa = PBXProject;
			attributes = {
				CLASSPREFIX = KK;
				LastUpgradeCheck = 0460;
				ORGANIZATIONNAME = "Kong XiangBo";
			};
			buildConfigurationList = 69C9DB5E1726658D00FD97BC /* Build configuration list for PBXProject "Gear" */;
			compatibilityVersion = "Xcode 3.2";
			developmentRegion = English;
			hasScannedForEncodings = 0;
			knownRegions = (
				en,
			);
			mainGroup = 69C9DB5A1726658D00FD97BC;
			productRefGroup = 69C9DB641726658D00FD97BC /* Products */;
			projectDirPath = "";
			projectRoot = "";
			targets = (
				69C9DB621726658D00FD97BC /* Gear */,
			);
		};
/* End PBXProject section */

/* Begin PBXResourcesBuildPhase section */
		69C9DB611726658D00FD97BC /* Resources */ = {
			isa = PBXResourcesBuildPhase;
			buildActionMask = 2147483647;
			files = (
				69C9DB711726658D00FD97BC /* InfoPlist.strings in Resources */,
				69C9DB791726658D00FD97BC /* Default.png in Resources */,
				69C9DB7B1726658D00FD97BC /* Default@2x.png in Resources */,
				69C9DB7D1726658D00FD97BC /* Default-568h@2x.png in Resources */,
				69C9DB831726658D00FD97BC /* KKViewController.xib in Resources */,
			);
			runOnlyForDeploymentPostprocessing = 0;
		};
/* End PBXResourcesBuildPhase section */

/* Begin PBXSourcesBuildPhase section */
		69C9DB5F1726658D00FD97BC /* Sources */ = {
			isa = PBXSourcesBuildPhase;
			buildActionMask = 2147483647;
			files = (
				69C9DB731726658D00FD97BC /* main.m in Sources */,
				69C9DB771726658D00FD97BC /* KKAppDelegate.m in Sources */,
				69C9DB801726658D00FD97BC /* KKViewController.m in Sources */,
			);
			runOnlyForDeploymentPostprocessing = 0;
		};
/* End PBXSourcesBuildPhase section */

/* Begin PBXVariantGroup section */
		69C9DB6F1726658D00FD97BC /* InfoPlist.strings */ = {
			isa = PBXVariantGroup;
			children = (
				69C9DB701726658D00FD97BC /* en */,
			);
			name = InfoPlist.strings;
			sourceTree = "<group>";
		};
		69C9DB811726658D00FD97BC /* KKViewController.xib */ = {
			isa = PBXVariantGroup;
			children = (
				69C9DB821726658D00FD97BC /* en */,
			);
			name = KKViewController.xib;
			sourceTree = "<group>";
		};
/* End PBXVariantGroup section */

/* Begin XCBuildConfiguration section */
		69C9DB841726658D00FD97BC /* Debug */ = {
			isa = XCBuildConfiguration;
			buildSettings = {
				ALWAYS_SEARCH_USER_PATHS = NO;
				CLANG_CXX_LANGUAGE_STANDARD = "gnu++0x";
				CLANG_CXX_LIBRARY = "libc++";
				CLANG_ENABLE_OBJC_ARC = YES;
				CLANG_WARN_CONSTANT_CONVERSION = YES;
				CLANG_WARN_EMPTY_BODY = YES;
				CLANG_WARN_ENUM_CONVERSION = YES;
				CLANG_WARN_INT_CONVERSION = YES;
				CLANG_WARN__DUPLICATE_METHOD_MATCH = YES;
				"CODE_SIGN_IDENTITY[sdk=iphoneos*]" = "iPhone Developer";
				COPY_PHASE_STRIP = NO;
				GCC_C_LANGUAGE_STANDARD = gnu99;
				GCC_DYNAMIC_NO_PIC = NO;
				GCC_OPTIMIZATION_LEVEL = 0;
				GCC_PREPROCESSOR_DEFINITIONS = (
					"DEBUG=1",
					"$(inherited)",
				);
				GCC_SYMBOLS_PRIVATE_EXTERN = NO;
				GCC_WARN_ABOUT_RETURN_TYPE = YES;
				GCC_WARN_UNINITIALIZED_AUTOS = YES;
				GCC_WARN_UNUSED_VARIABLE = YES;
				IPHONEOS_DEPLOYMENT_TARGET = 6.1;
				ONLY_ACTIVE_ARCH = YES;
				SDKROOT = iphoneos;
			};
			name = Debug;
		};
		69C9DB851726658D00FD97BC /* Release */ = {
			isa = XCBuildConfiguration;
			buildSettings = {
				ALWAYS_SEARCH_USER_PATHS = NO;
				CLANG_CXX_LANGUAGE_STANDARD = "gnu++0x";
				CLANG_CXX_LIBRARY = "libc++";
				CLANG_ENABLE_OBJC_ARC = YES;
				CLANG_WARN_CONSTANT_CONVERSION = YES;
				CLANG_WARN_EMPTY_BODY = YES;
				CLANG_WARN_ENUM_CONVERSION = YES;
				CLANG_WARN_INT_CONVERSION = YES;
				CLANG_WARN__DUPLICATE_METHOD_MATCH = YES;
				"CODE_SIGN_IDENTITY[sdk=iphoneos*]" = "iPhone Developer";
				COPY_PHASE_STRIP = YES;
				GCC_C_LANGUAGE_STANDARD = gnu99;
				GCC_WARN_ABOUT_RETURN_TYPE = YES;
				GCC_WARN_UNINITIALIZED_AUTOS = YES;
				GCC_WARN_UNUSED_VARIABLE = YES;
				IPHONEOS_DEPLOYMENT_TARGET = 6.1;
				OTHER_CFLAGS = "-DNS_BLOCK_ASSERTIONS=1";
				SDKROOT = iphoneos;
				VALIDATE_PRODUCT = YES;
			};
			name = Release;
		};
		69C9DB871726658D00FD97BC /* Debug */ = {
			isa = XCBuildConfiguration;
			buildSettings = {
				GCC_PRECOMPILE_PREFIX_HEADER = YES;
				GCC_PREFIX_HEADER = "Gear/Gear-Prefix.pch";
				INFOPLIST_FILE = "Gear/Gear-Info.plist";
				PRODUCT_NAME = "$(TARGET_NAME)";
				WRAPPER_EXTENSION = app;
			};
			name = Debug;
		};
		69C9DB881726658D00FD97BC /* Release */ = {
			isa = XCBuildConfiguration;
			buildSettings = {
				GCC_PRECOMPILE_PREFIX_HEADER = YES;
				GCC_PREFIX_HEADER = "Gear/Gear-Prefix.pch";
				INFOPLIST_FILE = "Gear/Gear-Info.plist";
				PRODUCT_NAME = "$(TARGET_NAME)";
				WRAPPER_EXTENSION = app;
			};
			name = Release;
		};
/* End XCBuildConfiguration section */

/* Begin XCConfigurationList section */
		69C9DB5E1726658D00FD97BC /* Build configuration list for PBXProject "Gear" */ = {
			isa = XCConfigurationList;
			buildConfigurations = (
				69C9DB841726658D00FD97BC /* Debug */,
				69C9DB851726658D00FD97BC /* Release */,
			);
			defaultConfigurationIsVisible = 0;
			defaultConfigurationName = Release;
		};
		69C9DB861726658D00FD97BC /* Build configuration list for PBXNativeTarget "Gear" */ = {
			isa = XCConfigurationList;
			buildConfigurations = (
				69C9DB871726658D00FD97BC /* Debug */,
				69C9DB881726658D00FD97BC /* Release */,
			);
			defaultConfigurationIsVisible = 0;
		};
/* End XCConfigurationList section */
	};
	rootObject = 69C9DB5B1726658D00FD97BC /* Project object */;
}
